
Microsoft Visual Studio Solution File, Format Version 12.00
# Visual Studio 14
VisualStudioVersion = 14.0.25420.1
MinimumVisualStudioVersion = 10.0.40219.1
Project("{FAE04EC0-301F-11D3-BF4B-00C04F79EFBC}") = "WindowsFormsApplication3", "WindowsFormsApplication3\WindowsFormsApplication3.csproj", "{12DCEF14-6993-4970-B6CF-53C40A17276F}"
EndProject
Project("{FAE04EC0-301F-11D3-BF4B-00C04F79EFBC}") = "WindowsFormsApplication1", "WindowsFormsApplication1\WindowsFormsApplication1.csproj", "{88DC7238-5512-47B0-A405-FF6AA8BF12C1}"
EndProject
Global
	GlobalSection(SolutionConfigurationPlatforms) = preSolution
		Debug|Any CPU = Debug|Any CPU
		Release|Any CPU = Release|Any CPU
	EndGlobalSection
	GlobalSection(ProjectConfigurationPlatforms) = postSolution
		{12DCEF14-6993-4970-B6CF-53C40A17276F}.Debug|Any CPU.ActiveCfg = Debug|Any CPU
		{12DCEF14-6993-4970-B6CF-53C40A17276F}.Debug|Any CPU.Build.0 = Debug|Any CPU
		{12DCEF14-6993-4970-B6CF-53C40A17276F}.Release|Any CPU.ActiveCfg = Release|Any CPU
		{12DCEF14-6993-4970-B6CF-53C40A17276F}.Release|Any CPU.Build.0 = Release|Any CPU
		{88DC7238-5512-47B0-A405-FF6AA8BF12C1}.Debug|Any CPU.ActiveCfg = Debug|Any CPU
		{88DC7238-5512-47B0-A405-FF6AA8BF12C1}.Debug|Any CPU.Build.0 = Debug|Any CPU
		{88DC7238-5512-47B0-A405-FF6AA8BF12C1}.Release|Any CPU.ActiveCfg = Release|Any CPU
		{88DC7238-5512-47B0-A405-FF6AA8BF12C1}.Release|Any CPU.Build.0 = Release|Any CPU
	EndGlobalSection
	GlobalSection(SolutionProperties) = preSolution
		HideSolutionNode = FALSE
	EndGlobalSection
EndGlobal
